
Microsoft Visual Studio Solution File, Format Version 12.00
# Visual Studio Version 16
VisualStudioVersion = 16.0.29709.97
MinimumVisualStudioVersion = 10.0.40219.1
Project("{FAE04EC0-301F-11D3-BF4B-00C04F79EFBC}") = "carculator", "carculator\carculator.csproj", "{3668B8CB-7DAD-4FC8-A072-7F3FF352FD12}"
EndProject
Project("{FAE04EC0-301F-11D3-BF4B-00C04F79EFBC}") = "ClassLibrary1", "ClassLibrary1\ClassLibrary1.csproj", "{BA2CFE9B-8432-4BA3-8C05-163957A6C491}"
EndProject
Global
	GlobalSection(SolutionConfigurationPlatforms) = preSolution
		Debug|Any CPU = Debug|Any CPU
		Release|Any CPU = Release|Any CPU
	EndGlobalSection
	GlobalSection(ProjectConfigurationPlatforms) = postSolution
		{3668B8CB-7DAD-4FC8-A072-7F3FF352FD12}.Debug|Any CPU.ActiveCfg = Debug|Any CPU
		{3668B8CB-7DAD-4FC8-A072-7F3FF352FD12}.Debug|Any CPU.Build.0 = Debug|Any CPU
		{3668B8CB-7DAD-4FC8-A072-7F3FF352FD12}.Release|Any CPU.ActiveCfg = Release|Any CPU
		{3668B8CB-7DAD-4FC8-A072-7F3FF352FD12}.Release|Any CPU.Build.0 = Release|Any CPU
		{BA2CFE9B-8432-4BA3-8C05-163957A6C491}.Debug|Any CPU.ActiveCfg = Debug|Any CPU
		{BA2CFE9B-8432-4BA3-8C05-163957A6C491}.Debug|Any CPU.Build.0 = Debug|Any CPU
		{BA2CFE9B-8432-4BA3-8C05-163957A6C491}.Release|Any CPU.ActiveCfg = Release|Any CPU
		{BA2CFE9B-8432-4BA3-8C05-163957A6C491}.Release|Any CPU.Build.0 = Release|Any CPU
	EndGlobalSection
	GlobalSection(SolutionProperties) = preSolution
		HideSolutionNode = FALSE
	EndGlobalSection
	GlobalSection(ExtensibilityGlobals) = postSolution
		SolutionGuid = {90971820-34F5-4311-BCAA-6B41F7C5A901}
	EndGlobalSection
EndGlobal
